
Microsoft Visual Studio Solution File, Format Version 12.00
# Visual Studio Version 16
VisualStudioVersion = 16.0.29806.167
MinimumVisualStudioVersion = 10.0.40219.1
Project("{F184B08F-C81C-45F6-A57F-5ABD9991F28F}") = "Wij Software and game alpha and beta", "Wij Software and game alpha and beta\Wij Software and game alpha and beta.vbproj", "{F01603A0-1E5D-4A62-A01A-9B681E543143}"
EndProject
Global
	GlobalSection(SolutionConfigurationPlatforms) = preSolution
		Debug|Any CPU = Debug|Any CPU
		Release|Any CPU = Release|Any CPU
	EndGlobalSection
	GlobalSection(ProjectConfigurationPlatforms) = postSolution
		{F01603A0-1E5D-4A62-A01A-9B681E543143}.Debug|Any CPU.ActiveCfg = Debug|Any CPU
		{F01603A0-1E5D-4A62-A01A-9B681E543143}.Debug|Any CPU.Build.0 = Debug|Any CPU
		{F01603A0-1E5D-4A62-A01A-9B681E543143}.Release|Any CPU.ActiveCfg = Release|Any CPU
		{F01603A0-1E5D-4A62-A01A-9B681E543143}.Release|Any CPU.Build.0 = Release|Any CPU
	EndGlobalSection
	GlobalSection(SolutionProperties) = preSolution
		HideSolutionNode = FALSE
	EndGlobalSection
	GlobalSection(ExtensibilityGlobals) = postSolution
		SolutionGuid = {F954C556-BCE0-4EC6-B93D-0C654A200D7C}
	EndGlobalSection
EndGlobal
